
Microsoft Visual Studio Solution File, Format Version 12.00
# Visual Studio Version 17
VisualStudioVersion = 17.12.35707.178
MinimumVisualStudioVersion = 10.0.40219.1
Project("{FAE04EC0-301F-11D3-BF4B-00C04F79EFBC}") = "StudentManagementSystem", "StudentManagementSystem.csproj", "{64207E1B-67BB-463A-9F44-8EAD2B8BF102}"
EndProject
Project("{FAE04EC0-301F-11D3-BF4B-00C04F79EFBC}") = "StudentAttendanceTracker", "..\StudentAttendanceTracker\StudentAttendanceTracker.csproj", "{B328D926-60FE-43EA-A865-F02FF40CC847}"
EndProject
Global
	GlobalSection(SolutionConfigurationPlatforms) = preSolution
		Debug|Any CPU = Debug|Any CPU
		Release|Any CPU = Release|Any CPU
	EndGlobalSection
	GlobalSection(ProjectConfigurationPlatforms) = postSolution
		{64207E1B-67BB-463A-9F44-8EAD2B8BF102}.Debug|Any CPU.ActiveCfg = Debug|Any CPU
		{64207E1B-67BB-463A-9F44-8EAD2B8BF102}.Debug|Any CPU.Build.0 = Debug|Any CPU
		{64207E1B-67BB-463A-9F44-8EAD2B8BF102}.Release|Any CPU.ActiveCfg = Release|Any CPU
		{64207E1B-67BB-463A-9F44-8EAD2B8BF102}.Release|Any CPU.Build.0 = Release|Any CPU
		{B328D926-60FE-43EA-A865-F02FF40CC847}.Debug|Any CPU.ActiveCfg = Debug|Any CPU
		{B328D926-60FE-43EA-A865-F02FF40CC847}.Debug|Any CPU.Build.0 = Debug|Any CPU
		{B328D926-60FE-43EA-A865-F02FF40CC847}.Release|Any CPU.ActiveCfg = Release|Any CPU
		{B328D926-60FE-43EA-A865-F02FF40CC847}.Release|Any CPU.Build.0 = Release|Any CPU
	EndGlobalSection
	GlobalSection(SolutionProperties) = preSolution
		HideSolutionNode = FALSE
	EndGlobalSection
	GlobalSection(ExtensibilityGlobals) = postSolution
		SolutionGuid = {B9AA3090-BDC4-400A-A3D3-715A4069A206}
	EndGlobalSection
EndGlobal
